{
  "requires": true,
  "lockfileVersion": 1,
  "dependencies": {
    "@types/color-name": {
      "version": "1.1.1",
      "resolved": "https://registry.npm.taobao.org/@types/color-name/download/@types/color-name-1.1.1.tgz?cache=0&sync_timestamp=1588199606687&other_urls=https%3A%2F%2Fregistry.npm.taobao.org%2F%40types%2Fcolor-name%2Fdownload%2F%40types%2Fcolor-name-1.1.1.tgz",
      "integrity": "sha1-HBJhu+qhCoBVu8XYq4S3sq/IRqA="
    },
    "ansi-regex": {
      "version": "5.0.0",
      "resolved": "https://registry.npm.taobao.org/ansi-regex/download/ansi-regex-5.0.0.tgz",
      "integrity": "sha1-OIU59VF5vzkznIGvMKZU1p+Hy3U="
    },
    "ansi-styles": {
      "version": "4.2.1",
      "resolved": "https://registry.npm.taobao.org/ansi-styles/download/ansi-styles-4.2.1.tgz",
      "integrity": "sha1-kK51xCTQCNJiTFvynq0xd+v881k=",
      "requires": {
        "@types/color-name": "^1.1.1",
        "color-convert": "^2.0.1"
      }
    },
    "bluebird": {
      "version": "3.7.2",
      "resolved": "https://registry.npm.taobao.org/bluebird/download/bluebird-3.7.2.tgz",
      "integrity": "sha1-nyKcFb4nJFT/qXOs4NvueaGww28="
    },
    "buffer-writer": {
      "version": "2.0.0",
      "resolved": "http://r.cnpmjs.org/buffer-writer/download/buffer-writer-2.0.0.tgz",
      "integrity": "sha1-zn64Gjj3gp2wnIc/L7t5LAyY7AQ="
    },
    "camelcase": {
      "version": "5.3.1",
      "resolved": "https://registry.npm.taobao.org/camelcase/download/camelcase-5.3.1.tgz",
      "integrity": "sha1-48mzFWnhBoEd8kL3FXJaH0xJQyA="
    },
    "cesium": {
      "version": "1.70.1",
      "resolved": "https://registry.npm.taobao.org/cesium/download/cesium-1.70.1.tgz",
      "integrity": "sha1-LJ9FdFXzDj+0TOnDhbyb002vjqQ="
    },
    "cliui": {
      "version": "6.0.0",
      "resolved": "https://registry.npm.taobao.org/cliui/download/cliui-6.0.0.tgz",
      "integrity": "sha1-UR1wLAxOQcoVbX0OlgIfI+EyJbE=",
      "requires": {
        "string-width": "^4.2.0",
        "strip-ansi": "^6.0.0",
        "wrap-ansi": "^6.2.0"
      }
    },
    "color-convert": {
      "version": "2.0.1",
      "resolved": "https://registry.npm.taobao.org/color-convert/download/color-convert-2.0.1.tgz",
      "integrity": "sha1-ctOmjVmMm9s68q0ehPIdiWq9TeM=",
      "requires": {
        "color-name": "~1.1.4"
      }
    },
    "color-name": {
      "version": "1.1.4",
      "resolved": "https://registry.npm.taobao.org/color-name/download/color-name-1.1.4.tgz",
      "integrity": "sha1-wqCah6y95pVD3m9j+jmVyCbFNqI="
    },
    "decamelize": {
      "version": "1.2.0",
      "resolved": "https://registry.npm.taobao.org/decamelize/download/decamelize-1.2.0.tgz",
      "integrity": "sha1-9lNNFRSCabIDUue+4m9QH5oZEpA="
    },
    "emoji-regex": {
      "version": "8.0.0",
      "resolved": "https://registry.npm.taobao.org/emoji-regex/download/emoji-regex-8.0.0.tgz",
      "integrity": "sha1-6Bj9ac5cz8tARZT4QpY79TFkzDc="
    },
    "find-up": {
      "version": "4.1.0",
      "resolved": "https://registry.npm.taobao.org/find-up/download/find-up-4.1.0.tgz",
      "integrity": "sha1-l6/n1s3AvFkoWEt8jXsW6KmqXRk=",
      "requires": {
        "locate-path": "^5.0.0",
        "path-exists": "^4.0.0"
      }
    },
    "fs-extra": {
      "version": "8.1.0",
      "resolved": "https://registry.npm.taobao.org/fs-extra/download/fs-extra-8.1.0.tgz?cache=0&sync_timestamp=1591231538901&other_urls=https%3A%2F%2Fregistry.npm.taobao.org%2Ffs-extra%2Fdownload%2Ffs-extra-8.1.0.tgz",
      "integrity": "sha1-SdQ8RaiM2Wd2aMt74bRu/bjS4cA=",
      "requires": {
        "graceful-fs": "^4.2.0",
        "jsonfile": "^4.0.0",
        "universalify": "^0.1.0"
      }
    },
    "get-caller-file": {
      "version": "2.0.5",
      "resolved": "https://registry.npm.taobao.org/get-caller-file/download/get-caller-file-2.0.5.tgz",
      "integrity": "sha1-T5RBKoLbMvNuOwuXQfipf+sDH34="
    },
    "graceful-fs": {
      "version": "4.2.4",
      "resolved": "https://registry.npm.taobao.org/graceful-fs/download/graceful-fs-4.2.4.tgz?cache=0&sync_timestamp=1588086924019&other_urls=https%3A%2F%2Fregistry.npm.taobao.org%2Fgraceful-fs%2Fdownload%2Fgraceful-fs-4.2.4.tgz",
      "integrity": "sha1-Ila94U02MpWMRl68ltxGfKB6Kfs="
    },
    "is-fullwidth-code-point": {
      "version": "3.0.0",
      "resolved": "https://registry.npm.taobao.org/is-fullwidth-code-point/download/is-fullwidth-code-point-3.0.0.tgz",
      "integrity": "sha1-8Rb4Bk/pCz94RKOJl8C3UFEmnx0="
    },
    "jpeg-js": {
      "version": "0.3.7",
      "resolved": "https://registry.npm.taobao.org/jpeg-js/download/jpeg-js-0.3.7.tgz",
      "integrity": "sha1-RxqJ0GARZAWS0xQVhghpAXKxAo0="
    },
    "jsonfile": {
      "version": "4.0.0",
      "resolved": "https://registry.npm.taobao.org/jsonfile/download/jsonfile-4.0.0.tgz",
      "integrity": "sha1-h3Gq4HmbZAdrdmQPygWPnBDjPss=",
      "requires": {
        "graceful-fs": "^4.1.6"
      }
    },
    "locate-path": {
      "version": "5.0.0",
      "resolved": "https://registry.npm.taobao.org/locate-path/download/locate-path-5.0.0.tgz",
      "integrity": "sha1-Gvujlq/WdqbUJQTQpno6frn2KqA=",
      "requires": {
        "p-locate": "^4.1.0"
      }
    },
    "mime": {
      "version": "2.4.6",
      "resolved": "https://registry.npm.taobao.org/mime/download/mime-2.4.6.tgz?cache=0&sync_timestamp=1590596728112&other_urls=https%3A%2F%2Fregistry.npm.taobao.org%2Fmime%2Fdownload%2Fmime-2.4.6.tgz",
      "integrity": "sha1-5bQHyQ20QvK+tbFiNz0Htpr/pNE="
    },
    "node-rtsp-stream": {
      "version": "0.0.9",
      "resolved": "https://registry.npm.taobao.org/node-rtsp-stream/download/node-rtsp-stream-0.0.9.tgz",
      "integrity": "sha1-95q9J/cu7uRHE8/EO42TmrJwC4s=",
      "requires": {
        "ws": "^7.0.0"
      }
    },
    "obj2gltf": {
      "version": "3.1.0",
      "resolved": "https://registry.npm.taobao.org/obj2gltf/download/obj2gltf-3.1.0.tgz",
      "integrity": "sha1-1NL9Ckc72Sc2B1jRURzXjyWdcWA=",
      "requires": {
        "bluebird": "^3.7.2",
        "cesium": "^1.66.0",
        "fs-extra": "^8.1.0",
        "jpeg-js": "^0.3.6",
        "mime": "^2.4.4",
        "pngjs": "^3.4.0",
        "yargs": "^15.1.0"
      }
    },
    "p-limit": {
      "version": "2.3.0",
      "resolved": "https://registry.npm.taobao.org/p-limit/download/p-limit-2.3.0.tgz?cache=0&sync_timestamp=1591460606987&other_urls=https%3A%2F%2Fregistry.npm.taobao.org%2Fp-limit%2Fdownload%2Fp-limit-2.3.0.tgz",
      "integrity": "sha1-PdM8ZHohT9//2DWTPrCG2g3CHbE=",
      "requires": {
        "p-try": "^2.0.0"
      }
    },
    "p-locate": {
      "version": "4.1.0",
      "resolved": "https://registry.npm.taobao.org/p-locate/download/p-locate-4.1.0.tgz",
      "integrity": "sha1-o0KLtwiLOmApL2aRkni3wpetTwc=",
      "requires": {
        "p-limit": "^2.2.0"
      }
    },
    "p-try": {
      "version": "2.2.0",
      "resolved": "https://registry.npm.taobao.org/p-try/download/p-try-2.2.0.tgz",
      "integrity": "sha1-yyhoVA4xPWHeWPr741zpAE1VQOY="
    },
    "packet-reader": {
      "version": "1.0.0",
      "resolved": "http://r.cnpmjs.org/packet-reader/download/packet-reader-1.0.0.tgz",
      "integrity": "sha1-kjjlSA3tq6z+H+PydxBj8WQVfXQ="
    },
    "path-exists": {
      "version": "4.0.0",
      "resolved": "https://registry.npm.taobao.org/path-exists/download/path-exists-4.0.0.tgz",
      "integrity": "sha1-UTvb4tO5XXdi6METfvoZXGxhtbM="
    },
    "pg": {
      "version": "7.15.1",
      "resolved": "http://r.cnpmjs.org/pg/download/pg-7.15.1.tgz",
      "integrity": "sha1-oLrITrrrgJ86Np+2la6JsxSwiyI=",
      "requires": {
        "buffer-writer": "2.0.0",
        "packet-reader": "1.0.0",
        "pg-connection-string": "0.1.3",
        "pg-pool": "^2.0.7",
        "pg-types": "^2.1.0",
        "pgpass": "1.x",
        "semver": "4.3.2"
      }
    },
    "pg-connection-string": {
      "version": "0.1.3",
      "resolved": "http://r.cnpmjs.org/pg-connection-string/download/pg-connection-string-0.1.3.tgz",
      "integrity": "sha1-2hhHsglA5C7hSSvq9l1J2RskXfc="
    },
    "pg-int8": {
      "version": "1.0.1",
      "resolved": "http://r.cnpmjs.org/pg-int8/download/pg-int8-1.0.1.tgz",
      "integrity": "sha1-lDvUY79bcbQXARX4D478mgwOt4w="
    },
    "pg-pool": {
      "version": "2.0.8",
      "resolved": "http://r.cnpmjs.org/pg-pool/download/pg-pool-2.0.8.tgz",
      "integrity": "sha1-9tjBcncHzryxxQ0LG3cOCgMb+DE="
    },
    "pg-types": {
      "version": "2.2.0",
      "resolved": "http://r.cnpmjs.org/pg-types/download/pg-types-2.2.0.tgz",
      "integrity": "sha1-LQJQ1jZFT3z6O2rgOC/fqAYyVKM=",
      "requires": {
        "pg-int8": "1.0.1",
        "postgres-array": "~2.0.0",
        "postgres-bytea": "~1.0.0",
        "postgres-date": "~1.0.4",
        "postgres-interval": "^1.1.0"
      }
    },
    "pgpass": {
      "version": "1.0.2",
      "resolved": "http://r.cnpmjs.org/pgpass/download/pgpass-1.0.2.tgz",
      "integrity": "sha1-Knu0G2BltnkH6R2hsHwYR8h3swY=",
      "requires": {
        "split": "^1.0.0"
      }
    },
    "pngjs": {
      "version": "3.4.0",
      "resolved": "https://registry.npm.taobao.org/pngjs/download/pngjs-3.4.0.tgz",
      "integrity": "sha1-mcp9clll+2VYFOr2XzjxK72/VV8="
    },
    "postgres-array": {
      "version": "2.0.0",
      "resolved": "http://r.cnpmjs.org/postgres-array/download/postgres-array-2.0.0.tgz",
      "integrity": "sha1-SPj84FT7xpZxmZMpuINLdyZS2C4="
    },
    "postgres-bytea": {
      "version": "1.0.0",
      "resolved": "http://r.cnpmjs.org/postgres-bytea/download/postgres-bytea-1.0.0.tgz",
      "integrity": "sha1-AntTPAqokOJtFy1Hz5zOzFIazTU="
    },
    "postgres-date": {
      "version": "1.0.4",
      "resolved": "http://r.cnpmjs.org/postgres-date/download/postgres-date-1.0.4.tgz",
      "integrity": "sha1-HCco1i7xv/SavdNcH4bUvfEYpyg="
    },
    "postgres-interval": {
      "version": "1.2.0",
      "resolved": "http://r.cnpmjs.org/postgres-interval/download/postgres-interval-1.2.0.tgz",
      "integrity": "sha1-tGDILLFYdQd4iBmgaqD//bNURpU=",
      "requires": {
        "xtend": "^4.0.0"
      }
    },
    "require-directory": {
      "version": "2.1.1",
      "resolved": "https://registry.npm.taobao.org/require-directory/download/require-directory-2.1.1.tgz",
      "integrity": "sha1-jGStX9MNqxyXbiNE/+f3kqam30I="
    },
    "require-main-filename": {
      "version": "2.0.0",
      "resolved": "https://registry.npm.taobao.org/require-main-filename/download/require-main-filename-2.0.0.tgz",
      "integrity": "sha1-0LMp7MfMD2Fkn2IhW+aa9UqomJs="
    },
    "semver": {
      "version": "4.3.2",
      "resolved": "http://r.cnpmjs.org/semver/download/semver-4.3.2.tgz",
      "integrity": "sha1-x6BxWKgL7dBSNVt3DYLWZA+AO+c="
    },
    "set-blocking": {
      "version": "2.0.0",
      "resolved": "https://registry.npm.taobao.org/set-blocking/download/set-blocking-2.0.0.tgz",
      "integrity": "sha1-BF+XgtARrppoA93TgrJDkrPYkPc="
    },
    "split": {
      "version": "1.0.1",
      "resolved": "http://r.cnpmjs.org/split/download/split-1.0.1.tgz",
      "integrity": "sha1-YFvZvjA6pZ+zX5Ip++oN3snqB9k=",
      "requires": {
        "through": "2"
      }
    },
    "string-width": {
      "version": "4.2.0",
      "resolved": "https://registry.npm.taobao.org/string-width/download/string-width-4.2.0.tgz?cache=0&other_urls=https%3A%2F%2Fregistry.npm.taobao.org%2Fstring-width%2Fdownload%2Fstring-width-4.2.0.tgz",
      "integrity": "sha1-lSGCxGzHssMT0VluYjmSvRY7crU=",
      "requires": {
        "emoji-regex": "^8.0.0",
        "is-fullwidth-code-point": "^3.0.0",
        "strip-ansi": "^6.0.0"
      }
    },
    "strip-ansi": {
      "version": "6.0.0",
      "resolved": "https://registry.npm.taobao.org/strip-ansi/download/strip-ansi-6.0.0.tgz",
      "integrity": "sha1-CxVx3XZpzNTz4G4U7x7tJiJa5TI=",
      "requires": {
        "ansi-regex": "^5.0.0"
      }
    },
    "through": {
      "version": "2.3.8",
      "resolved": "http://r.cnpmjs.org/through/download/through-2.3.8.tgz",
      "integrity": "sha1-DdTJ/6q8NXlgsbckEV1+Doai4fU="
    },
    "universalify": {
      "version": "0.1.2",
      "resolved": "https://registry.npm.taobao.org/universalify/download/universalify-0.1.2.tgz?cache=0&other_urls=https%3A%2F%2Fregistry.npm.taobao.org%2Funiversalify%2Fdownload%2Funiversalify-0.1.2.tgz",
      "integrity": "sha1-tkb2m+OULavOzJ1mOcgNwQXvqmY="
    },
    "which-module": {
      "version": "2.0.0",
      "resolved": "https://registry.npm.taobao.org/which-module/download/which-module-2.0.0.tgz",
      "integrity": "sha1-2e8H3Od7mQK4o6j6SzHD4/fm6Ho="
    },
    "wrap-ansi": {
      "version": "6.2.0",
      "resolved": "https://registry.npm.taobao.org/wrap-ansi/download/wrap-ansi-6.2.0.tgz",
      "integrity": "sha1-6Tk7oHEC5skaOyIUePAlfNKFblM=",
      "requires": {
        "ansi-styles": "^4.0.0",
        "string-width": "^4.1.0",
        "strip-ansi": "^6.0.0"
      }
    },
    "ws": {
      "version": "7.4.3",
      "resolved": "https://registry.npm.taobao.org/ws/download/ws-7.4.3.tgz",
      "integrity": "sha1-H5ZD3jSlQ7jtsSS9y8RXrlWm5c0="
    },
    "xtend": {
      "version": "4.0.2",
      "resolved": "http://r.cnpmjs.org/xtend/download/xtend-4.0.2.tgz",
      "integrity": "sha1-u3J3n1+kZRhrH0OPZ0+jR/2121Q="
    },
    "y18n": {
      "version": "4.0.0",
      "resolved": "https://registry.npm.taobao.org/y18n/download/y18n-4.0.0.tgz",
      "integrity": "sha1-le+U+F7MgdAHwmThkKEg8KPIVms="
    },
    "yargs": {
      "version": "15.3.1",
      "resolved": "https://registry.npm.taobao.org/yargs/download/yargs-15.3.1.tgz",
      "integrity": "sha1-lQW0cnY5Y+VK/mAUitJ6MwgY6Ys=",
      "requires": {
        "cliui": "^6.0.0",
        "decamelize": "^1.2.0",
        "find-up": "^4.1.0",
        "get-caller-file": "^2.0.1",
        "require-directory": "^2.1.1",
        "require-main-filename": "^2.0.0",
        "set-blocking": "^2.0.0",
        "string-width": "^4.2.0",
        "which-module": "^2.0.0",
        "y18n": "^4.0.0",
        "yargs-parser": "^18.1.1"
      }
    },
    "yargs-parser": {
      "version": "18.1.3",
      "resolved": "https://registry.npm.taobao.org/yargs-parser/download/yargs-parser-18.1.3.tgz",
      "integrity": "sha1-vmjEl1xrKr9GkjawyHA2L6sJp7A=",
      "requires": {
        "camelcase": "^5.0.0",
        "decamelize": "^1.2.0"
      }
    }
  }
}
